
Microsoft Visual Studio Solution File, Format Version 12.00
# Visual Studio Version 17
VisualStudioVersion = 17.6.33723.286
MinimumVisualStudioVersion = 10.0.40219.1
Project("{FAE04EC0-301F-11D3-BF4B-00C04F79EFBC}") = "ConsoleApp1", "ConsoleApp1\ConsoleApp1.csproj", "{FB3C204B-EDA2-4E53-87EF-BB285E1045A6}"
EndProject
Global
	GlobalSection(SolutionConfigurationPlatforms) = preSolution
		Debug|Any CPU = Debug|Any CPU
		Release|Any CPU = Release|Any CPU
	EndGlobalSection
	GlobalSection(ProjectConfigurationPlatforms) = postSolution
		{FB3C204B-EDA2-4E53-87EF-BB285E1045A6}.Debug|Any CPU.ActiveCfg = Debug|Any CPU
		{FB3C204B-EDA2-4E53-87EF-BB285E1045A6}.Debug|Any CPU.Build.0 = Debug|Any CPU
		{FB3C204B-EDA2-4E53-87EF-BB285E1045A6}.Release|Any CPU.ActiveCfg = Release|Any CPU
		{FB3C204B-EDA2-4E53-87EF-BB285E1045A6}.Release|Any CPU.Build.0 = Release|Any CPU
	EndGlobalSection
	GlobalSection(SolutionProperties) = preSolution
		HideSolutionNode = FALSE
	EndGlobalSection
	GlobalSection(ExtensibilityGlobals) = postSolution
		SolutionGuid = {A924484C-371D-405B-B604-3207CA773A1A}
	EndGlobalSection
EndGlobal
